
Microsoft Visual Studio Solution File, Format Version 12.00
# Visual Studio 15
VisualStudioVersion = 15.0.26730.16
MinimumVisualStudioVersion = 10.0.40219.1
Project("{FAE04EC0-301F-11D3-BF4B-00C04F79EFBC}") = "Pizza", "Pizza\Pizza.csproj", "{81D9C5E7-F0C4-4CE2-93D5-E2C85A925E95}"
EndProject
Global
	GlobalSection(SolutionConfigurationPlatforms) = preSolution
		Debug|Any CPU = Debug|Any CPU
		Release|Any CPU = Release|Any CPU
	EndGlobalSection
	GlobalSection(ProjectConfigurationPlatforms) = postSolution
		{81D9C5E7-F0C4-4CE2-93D5-E2C85A925E95}.Debug|Any CPU.ActiveCfg = Debug|Any CPU
		{81D9C5E7-F0C4-4CE2-93D5-E2C85A925E95}.Debug|Any CPU.Build.0 = Debug|Any CPU
		{81D9C5E7-F0C4-4CE2-93D5-E2C85A925E95}.Release|Any CPU.ActiveCfg = Release|Any CPU
		{81D9C5E7-F0C4-4CE2-93D5-E2C85A925E95}.Release|Any CPU.Build.0 = Release|Any CPU
	EndGlobalSection
	GlobalSection(SolutionProperties) = preSolution
		HideSolutionNode = FALSE
	EndGlobalSection
	GlobalSection(ExtensibilityGlobals) = postSolution
		SolutionGuid = {21758EB1-E6C8-4D06-8585-C0904E68DF94}
	EndGlobalSection
EndGlobal
